
Microsoft Visual Studio Solution File, Format Version 12.00
# Visual Studio Version 17
VisualStudioVersion = 17.5.33516.290
MinimumVisualStudioVersion = 10.0.40219.1
Project("{FAE04EC0-301F-11D3-BF4B-00C04F79EFBC}") = "PepperPlan", "PepperPlan\PepperPlan.csproj", "{A70EF239-CCB8-4AE5-A9E1-D3D5FF7C4AEB}"
EndProject
Global
	GlobalSection(SolutionConfigurationPlatforms) = preSolution
		Debug|Any CPU = Debug|Any CPU
		Release|Any CPU = Release|Any CPU
	EndGlobalSection
	GlobalSection(ProjectConfigurationPlatforms) = postSolution
		{A70EF239-CCB8-4AE5-A9E1-D3D5FF7C4AEB}.Debug|Any CPU.ActiveCfg = Debug|Any CPU
		{A70EF239-CCB8-4AE5-A9E1-D3D5FF7C4AEB}.Debug|Any CPU.Build.0 = Debug|Any CPU
		{A70EF239-CCB8-4AE5-A9E1-D3D5FF7C4AEB}.Release|Any CPU.ActiveCfg = Release|Any CPU
		{A70EF239-CCB8-4AE5-A9E1-D3D5FF7C4AEB}.Release|Any CPU.Build.0 = Release|Any CPU
	EndGlobalSection
	GlobalSection(SolutionProperties) = preSolution
		HideSolutionNode = FALSE
	EndGlobalSection
	GlobalSection(ExtensibilityGlobals) = postSolution
		SolutionGuid = {53CB943B-7C0A-4F1E-914F-94AE76B72B58}
	EndGlobalSection
EndGlobal
